
Microsoft Visual Studio Solution File, Format Version 12.00
# Visual Studio Version 17
VisualStudioVersion = 17.2.32616.157
MinimumVisualStudioVersion = 10.0.40219.1
Project("{FAE04EC0-301F-11D3-BF4B-00C04F79EFBC}") = "Principal", "Principal\Principal.csproj", "{C5512DA6-23EA-45F4-A2C0-3750866CC9A4}"
EndProject
Global
	GlobalSection(SolutionConfigurationPlatforms) = preSolution
		Debug|Any CPU = Debug|Any CPU
		Release|Any CPU = Release|Any CPU
	EndGlobalSection
	GlobalSection(ProjectConfigurationPlatforms) = postSolution
		{C5512DA6-23EA-45F4-A2C0-3750866CC9A4}.Debug|Any CPU.ActiveCfg = Debug|Any CPU
		{C5512DA6-23EA-45F4-A2C0-3750866CC9A4}.Debug|Any CPU.Build.0 = Debug|Any CPU
		{C5512DA6-23EA-45F4-A2C0-3750866CC9A4}.Release|Any CPU.ActiveCfg = Release|Any CPU
		{C5512DA6-23EA-45F4-A2C0-3750866CC9A4}.Release|Any CPU.Build.0 = Release|Any CPU
	EndGlobalSection
	GlobalSection(SolutionProperties) = preSolution
		HideSolutionNode = FALSE
	EndGlobalSection
	GlobalSection(ExtensibilityGlobals) = postSolution
		SolutionGuid = {06FFA6A1-6026-4CBA-BC33-8AADF900A84A}
	EndGlobalSection
EndGlobal
